PODS:
  - common (1.0):
    - HTMLReader
  - HTMLReader (2.2.1)

DEPENDENCIES:
  - common (from `../common`)

SPEC REPOS:
  trunk:
    - HTMLReader

EXTERNAL SOURCES:
  common:
    :path: "../common"

SPEC CHECKSUMS:
  common: a35c4c6daa4c053ad98e1d15b7676c1d9be20b5d
  HTMLReader: 1839a8505df3fb7a833e767759a799ce8e210de1

PODFILE CHECKSUM: 5e7cdc1205568fe208b35001c9af1d78e95eafa9

COCOAPODS: 1.15.2
