PODS:
  - common (1.0):
    - HTMLReader
  - HTMLReader (2.2.1)

DEPENDENCIES:
  - common (from `../common`)

SPEC REPOS:
  trunk:
    - HTMLReader

EXTERNAL SOURCES:
  common:
    :path: "../common"

SPEC CHECKSUMS:
  common: a346b3de8cfb26ea1e3a55108e03391828c3c156
  HTMLReader: 1839a8505df3fb7a833e767759a799ce8e210de1

PODFILE CHECKSUM: 420d3aaf4b98bafb0a8dd8e70c3b00325c73f2fa

COCOAPODS: 1.11.3
